# This file is automatically @generated by Cargo.
# It is not intended for manual editing.
version = 3

[[package]]
name = "anyhow"
version = "1.0.75"
source = "registry+https://github.com/rust-lang/crates.io-index"
checksum = "a4668cab20f66d8d020e1fbc0ebe47217433c1b6c8f2040faf858554e394ace6"

[[package]]
name = "corrow-checker"
version = "0.1.0"
dependencies = [
 "anyhow",
 "la-arena",
 "lang-c",
]

[[package]]
name = "la-arena"
version = "0.3.1"
source = "registry+https://github.com/rust-lang/crates.io-index"
checksum = "3752f229dcc5a481d60f385fa479ff46818033d881d2d801aa27dffcfb5e8306"

[[package]]
name = "lang-c"
version = "0.15.1"
source = "registry+https://github.com/rust-lang/crates.io-index"
checksum = "720e6492b795d1f6838eb2e51879ec3073be745a20e52c32a241b80b3c8ed998"
